
Microsoft Visual Studio Solution File, Format Version 12.00
# Visual Studio 14
VisualStudioVersion = 14.0.25420.1
MinimumVisualStudioVersion = 10.0.40219.1
Project("{FAE04EC0-301F-11D3-BF4B-00C04F79EFBC}") = "UnitTesting", "UnitTesting\UnitTesting.csproj", "{EC865048-EEC8-4AC2-ACE2-6B4FB0D3F464}"
EndProject
Project("{FAE04EC0-301F-11D3-BF4B-00C04F79EFBC}") = "UnitTest", "UnitTest\UnitTest.csproj", "{C1DF5C68-B424-4C03-8751-1DAE831018B3}"
EndProject
Global
	GlobalSection(SolutionConfigurationPlatforms) = preSolution
		Debug|Any CPU = Debug|Any CPU
		Release|Any CPU = Release|Any CPU
	EndGlobalSection
	GlobalSection(ProjectConfigurationPlatforms) = postSolution
		{EC865048-EEC8-4AC2-ACE2-6B4FB0D3F464}.Debug|Any CPU.ActiveCfg = Debug|Any CPU
		{EC865048-EEC8-4AC2-ACE2-6B4FB0D3F464}.Debug|Any CPU.Build.0 = Debug|Any CPU
		{EC865048-EEC8-4AC2-ACE2-6B4FB0D3F464}.Release|Any CPU.ActiveCfg = Release|Any CPU
		{EC865048-EEC8-4AC2-ACE2-6B4FB0D3F464}.Release|Any CPU.Build.0 = Release|Any CPU
		{C1DF5C68-B424-4C03-8751-1DAE831018B3}.Debug|Any CPU.ActiveCfg = Debug|Any CPU
		{C1DF5C68-B424-4C03-8751-1DAE831018B3}.Debug|Any CPU.Build.0 = Debug|Any CPU
		{C1DF5C68-B424-4C03-8751-1DAE831018B3}.Release|Any CPU.ActiveCfg = Release|Any CPU
		{C1DF5C68-B424-4C03-8751-1DAE831018B3}.Release|Any CPU.Build.0 = Release|Any CPU
	EndGlobalSection
	GlobalSection(SolutionProperties) = preSolution
		HideSolutionNode = FALSE
	EndGlobalSection
EndGlobal
